
Microsoft Visual Studio Solution File, Format Version 12.00
# Visual Studio Version 17
VisualStudioVersion = 17.2.32505.173
MinimumVisualStudioVersion = 10.0.40219.1
Project("{9A19103F-16F7-4668-BE54-9A1E7A4F7556}") = "ConnectedEnvironment", "ConnectedEnvironment\ConnectedEnvironment.csproj", "{6B60D502-4474-444F-94E4-E669D15AE795}"
EndProject
Project("{FAE04EC0-301F-11D3-BF4B-00C04F79EFBC}") = "DisconnectedEnvironment", "DisconnectedEnvironment\DisconnectedEnvironment.csproj", "{0B8A98C2-EB37-4A9D-923C-E51A57ADF661}"
EndProject
Global
	GlobalSection(SolutionConfigurationPlatforms) = preSolution
		Debug|Any CPU = Debug|Any CPU
		Release|Any CPU = Release|Any CPU
	EndGlobalSection
	GlobalSection(ProjectConfigurationPlatforms) = postSolution
		{6B60D502-4474-444F-94E4-E669D15AE795}.Debug|Any CPU.ActiveCfg = Debug|Any CPU
		{6B60D502-4474-444F-94E4-E669D15AE795}.Debug|Any CPU.Build.0 = Debug|Any CPU
		{6B60D502-4474-444F-94E4-E669D15AE795}.Release|Any CPU.ActiveCfg = Release|Any CPU
		{6B60D502-4474-444F-94E4-E669D15AE795}.Release|Any CPU.Build.0 = Release|Any CPU
		{0B8A98C2-EB37-4A9D-923C-E51A57ADF661}.Debug|Any CPU.ActiveCfg = Debug|Any CPU
		{0B8A98C2-EB37-4A9D-923C-E51A57ADF661}.Debug|Any CPU.Build.0 = Debug|Any CPU
		{0B8A98C2-EB37-4A9D-923C-E51A57ADF661}.Release|Any CPU.ActiveCfg = Release|Any CPU
		{0B8A98C2-EB37-4A9D-923C-E51A57ADF661}.Release|Any CPU.Build.0 = Release|Any CPU
	EndGlobalSection
	GlobalSection(SolutionProperties) = preSolution
		HideSolutionNode = FALSE
	EndGlobalSection
	GlobalSection(ExtensibilityGlobals) = postSolution
		SolutionGuid = {25A36E90-7CB1-45D5-864B-34F1B9CADDA5}
	EndGlobalSection
EndGlobal
